
Microsoft Visual Studio Solution File, Format Version 12.00
# Visual Studio 15
VisualStudioVersion = 15.0.28307.271
MinimumVisualStudioVersion = 10.0.40219.1
Project("{FAE04EC0-301F-11D3-BF4B-00C04F79EFBC}") = "WelcomeApp", "WelcomeApp\WelcomeApp.csproj", "{035C0B16-4981-4A27-8C66-203C0FD5EA43}"
EndProject
Project("{54435603-DBB4-11D2-8724-00A0C9A8B90C}") = "Setup1", "Setup1\Setup1.vdproj", "{68D0AD9E-738A-4042-B9AD-2B153EDABAC3}"
EndProject
Global
	GlobalSection(SolutionConfigurationPlatforms) = preSolution
		Debug|Any CPU = Debug|Any CPU
		Release|Any CPU = Release|Any CPU
	EndGlobalSection
	GlobalSection(ProjectConfigurationPlatforms) = postSolution
		{035C0B16-4981-4A27-8C66-203C0FD5EA43}.Debug|Any CPU.ActiveCfg = Debug|Any CPU
		{035C0B16-4981-4A27-8C66-203C0FD5EA43}.Debug|Any CPU.Build.0 = Debug|Any CPU
		{035C0B16-4981-4A27-8C66-203C0FD5EA43}.Release|Any CPU.ActiveCfg = Release|Any CPU
		{035C0B16-4981-4A27-8C66-203C0FD5EA43}.Release|Any CPU.Build.0 = Release|Any CPU
		{68D0AD9E-738A-4042-B9AD-2B153EDABAC3}.Debug|Any CPU.ActiveCfg = Debug
		{68D0AD9E-738A-4042-B9AD-2B153EDABAC3}.Release|Any CPU.ActiveCfg = Release
	EndGlobalSection
	GlobalSection(SolutionProperties) = preSolution
		HideSolutionNode = FALSE
	EndGlobalSection
	GlobalSection(ExtensibilityGlobals) = postSolution
		SolutionGuid = {E5C4F434-C959-446D-8590-32535864DEA5}
	EndGlobalSection
EndGlobal
